
Microsoft Visual Studio Solution File, Format Version 12.00
# Visual Studio Version 16
VisualStudioVersion = 16.0.29025.244
MinimumVisualStudioVersion = 10.0.40219.1
Project("{FAE04EC0-301F-11D3-BF4B-00C04F79EFBC}") = "ExampleProject", "ExampleProject\ExampleProject.csproj", "{0886D449-FFE6-4236-B3EE-D2FEAAB3E95E}"
EndProject
Global
	GlobalSection(SolutionConfigurationPlatforms) = preSolution
		Debug|Any CPU = Debug|Any CPU
		Release|Any CPU = Release|Any CPU
	EndGlobalSection
	GlobalSection(ProjectConfigurationPlatforms) = postSolution
		{0886D449-FFE6-4236-B3EE-D2FEAAB3E95E}.Debug|Any CPU.ActiveCfg = Debug|Any CPU
		{0886D449-FFE6-4236-B3EE-D2FEAAB3E95E}.Debug|Any CPU.Build.0 = Debug|Any CPU
		{0886D449-FFE6-4236-B3EE-D2FEAAB3E95E}.Release|Any CPU.ActiveCfg = Release|Any CPU
		{0886D449-FFE6-4236-B3EE-D2FEAAB3E95E}.Release|Any CPU.Build.0 = Release|Any CPU
	EndGlobalSection
	GlobalSection(SolutionProperties) = preSolution
		HideSolutionNode = FALSE
	EndGlobalSection
	GlobalSection(ExtensibilityGlobals) = postSolution
		SolutionGuid = {E0CC65C2-B53C-403F-9CA2-91F9E5524254}
	EndGlobalSection
EndGlobal
